
Microsoft Visual Studio Solution File, Format Version 12.00
# Visual Studio 15
VisualStudioVersion = 15.0.28307.645
MinimumVisualStudioVersion = 10.0.40219.1
Project("{888888A0-9F3D-457C-B088-3A5042F75D52}") = "DomainRealestate", "DomainRealestate\DomainRealestate.pyproj", "{83E52335-0970-43F1-9A98-3A7E518549B4}"
EndProject
Global
	GlobalSection(SolutionConfigurationPlatforms) = preSolution
		Debug|Any CPU = Debug|Any CPU
		Release|Any CPU = Release|Any CPU
	EndGlobalSection
	GlobalSection(ProjectConfigurationPlatforms) = postSolution
		{83E52335-0970-43F1-9A98-3A7E518549B4}.Debug|Any CPU.ActiveCfg = Debug|Any CPU
		{83E52335-0970-43F1-9A98-3A7E518549B4}.Release|Any CPU.ActiveCfg = Release|Any CPU
	EndGlobalSection
	GlobalSection(SolutionProperties) = preSolution
		HideSolutionNode = FALSE
	EndGlobalSection
	GlobalSection(ExtensibilityGlobals) = postSolution
		SolutionGuid = {E7F416E3-A3D3-440D-ACDD-66BEA1CA0718}
	EndGlobalSection
EndGlobal
